{
    "_meta": {
        "hash": {
            "sha256": "c1700f263a741ff95932519e9a58f1dbcc400242fcd26fa20f8b6d2e90fbd9af"
        },
        "pipfile-spec": 6,
        "requires": {},
        "sources": [
            {
                "name": "pypi",
                "url": "https://pypi.python.org/simple",
                "verify_ssl": true
            }
        ]
    },
    "default": {
        "certifi": {
            "hashes": [
                "sha256:13e698f54293db9f89122b0581843a782ad0934a4fe0172d2a980ba77fc61bb7",
                "sha256:9fa520c1bacfb634fa7af20a76bcbd3d5fb390481724c597da32c719a7dca4b0"
            ],
            "version": "==2018.4.16"
        },
        "cffi": {
            "hashes": [
                "sha256:151b7eefd035c56b2b2e1eb9963c90c6302dc15fbd8c1c0a83a163ff2c7d7743",
                "sha256:1553d1e99f035ace1c0544050622b7bc963374a00c467edafac50ad7bd276aef",
                "sha256:1b0493c091a1898f1136e3f4f991a784437fac3673780ff9de3bcf46c80b6b50",
                "sha256:2ba8a45822b7aee805ab49abfe7eec16b90587f7f26df20c71dd89e45a97076f",
                "sha256:3bb6bd7266598f318063e584378b8e27c67de998a43362e8fce664c54ee52d30",
                "sha256:3c85641778460581c42924384f5e68076d724ceac0f267d66c757f7535069c93",
                "sha256:3eb6434197633b7748cea30bf0ba9f66727cdce45117a712b29a443943733257",
                "sha256:495c5c2d43bf6cebe0178eb3e88f9c4aa48d8934aa6e3cddb865c058da76756b",
                "sha256:4c91af6e967c2015729d3e69c2e51d92f9898c330d6a851bf8f121236f3defd3",
                "sha256:57b2533356cb2d8fac1555815929f7f5f14d68ac77b085d2326b571310f34f6e",
                "sha256:770f3782b31f50b68627e22f91cb182c48c47c02eb405fd689472aa7b7aa16dc",
                "sha256:79f9b6f7c46ae1f8ded75f68cf8ad50e5729ed4d590c74840471fc2823457d04",
                "sha256:7a33145e04d44ce95bcd71e522b478d282ad0eafaf34fe1ec5bbd73e662f22b6",
                "sha256:857959354ae3a6fa3da6651b966d13b0a8bed6bbc87a0de7b38a549db1d2a359",
                "sha256:87f37fe5130574ff76c17cab61e7d2538a16f843bb7bca8ebbc4b12de3078596",
                "sha256:95d5251e4b5ca00061f9d9f3d6fe537247e145a8524ae9fd30a2f8fbce993b5b",
                "sha256:9d1d3e63a4afdc29bd76ce6aa9d58c771cd1599fbba8cf5057e7860b203710dd",
                "sha256:a36c5c154f9d42ec176e6e620cb0dd275744aa1d804786a71ac37dc3661a5e95",
                "sha256:a6a5cb8809091ec9ac03edde9304b3ad82ad4466333432b16d78ef40e0cce0d5",
                "sha256:ae5e35a2c189d397b91034642cb0eab0e346f776ec2eb44a49a459e6615d6e2e",
                "sha256:b0f7d4a3df8f06cf49f9f121bead236e328074de6449866515cea4907bbc63d6",
                "sha256:b75110fb114fa366b29a027d0c9be3709579602ae111ff61674d28c93606acca",
                "sha256:ba5e697569f84b13640c9e193170e89c13c6244c24400fc57e88724ef610cd31",
                "sha256:be2a9b390f77fd7676d80bc3cdc4f8edb940d8c198ed2d8c0be1319018c778e1",
                "sha256:ca1bd81f40adc59011f58159e4aa6445fc585a32bb8ac9badf7a2c1aa23822f2",
                "sha256:d5d8555d9bfc3f02385c1c37e9f998e2011f0db4f90e250e5bc0c0a85a813085",
                "sha256:e55e22ac0a30023426564b1059b035973ec82186ddddbac867078435801c7801",
                "sha256:e90f17980e6ab0f3c2f3730e56d1fe9bcba1891eeea58966e89d352492cc74f4",
                "sha256:ecbb7b01409e9b782df5ded849c178a0aa7c906cf8c5a67368047daab282b184",
                "sha256:ed01918d545a38998bfa5902c7c00e0fee90e957ce036a4000a88e3fe2264917",
                "sha256:edabd457cd23a02965166026fd9bfd196f4324fe6032e866d0f3bd0301cd486f",
                "sha256:fdf1c1dc5bafc32bc5d08b054f94d659422b05aba244d6be4ddc1c72d9aa70fb"
            ],
            "version": "==1.11.5"
        },
        "chardet": {
            "hashes": [
                "sha256:84ab92ed1c4d4f16916e05906b6b75a6c0fb5db821cc65e70cbd64a3e2a5eaae",
                "sha256:fc323ffcaeaed0e0a02bf4d117757b98aed530d9ed4531e3e15460124c106691"
            ],
            "version": "==3.0.4"
        },
        "falcon": {
            "hashes": [
                "sha256:0a66b33458fab9c1e400a9be1a68056abda178eb02a8cb4b8f795e9df20b053b",
                "sha256:3981f609c0358a9fcdb25b0e7fab3d9e23019356fb429c635ce4133135ae1bc4"
            ],
            "index": "pypi",
            "version": "==1.4.1"
        },
        "idna": {
            "hashes": [
                "sha256:156a6814fb5ac1fc6850fb002e0852d56c0c8d2531923a51032d1b70760e186e",
                "sha256:684a38a6f903c1d71d6d5fac066b58d7768af4de2b832e426ec79c30daa94a16"
            ],
            "version": "==2.7"
        },
        "jack-client": {
            "hashes": [
                "sha256:46998c8065bcfa1b6c9faa0005786be2175f21bdced3a5105462489656b1b063",
                "sha256:58eb7004e0cbfd769b4ad352dca1faeb5f25a764f55c173363d09f08c7d7b64d"
            ],
            "index": "pypi",
            "version": "==0.4.4"
        },
        "mido": {
            "hashes": [
                "sha256:35142874d4521dc5fcebcdc3a645df87cb0ecad129dd031cbca391e2d052313f",
                "sha256:64b9d1595da8f319bff2eb866f9181257d3670a7803f7e38415f22c03a577560"
            ],
            "index": "pypi",
            "version": "==1.2.8"
        },
        "pycairo": {
            "hashes": [
                "sha256:0f0a35ec923d87bc495f6753b1e540fd046d95db56a35250c44089fbce03b698"
            ],
            "version": "==1.17.1"
        },
        "pycparser": {
            "hashes": [
                "sha256:99a8ca03e29851d96616ad0404b4aad7d9ee16f25c9f9708a11faf2810f7b226"
            ],
            "version": "==2.18"
        },
        "pygobject": {
            "hashes": [
                "sha256:250fb669b6ac64eba034cc4404fcbcc993717b1f77c29dff29f8c9202da20d55"
            ],
            "index": "pypi",
            "version": "==3.28.3"
        },
        "pyliblo": {
            "hashes": [
                "sha256:fc67f1950b827272b00f9f0dc4ed7113c0ccef0c1c09e9976dead40ebbf1798f"
            ],
            "index": "pypi",
            "version": "==0.10.0"
        },
        "pyqt5": {
            "hashes": [
                "sha256:700b8bb0357bf0ac312bce283449de733f5773dfc77083664be188c8e964c007",
                "sha256:76d52f3627fac8bfdbc4857ce52a615cd879abd79890cde347682ff9b4b245a2",
                "sha256:7d0f7c0aed9c3ef70d5856e99f30ebcfe25a58300158dd46ee544cbe1c5b53db",
                "sha256:d5dc2faf0aeacd0e8b69af1dc9f1276a64020193148356bb319bdfae22b78f88"
            ],
            "index": "pypi",
            "version": "==5.11.2"
        },
        "pyqt5-sip": {
            "hashes": [
                "sha256:3bcd8efae7798ce41aa7c3a052bd5ce1849f437530b8a717bae39197e780f505",
                "sha256:4a3c5767d6c238d8c62d252ac59312fac8b2264a1e8a5670081d7f3545893005",
                "sha256:67481d70fb0c7fb83e77b9025e15d0e78c7647c228eef934bd20ba716845a519",
                "sha256:7b2e563e4e56adee00101a29913fdcc49cc714f6c4f7eb35449f493c3a88fc45",
                "sha256:92a4950cba7ad7b7f67c09bdf80170ac225b38844b3a10f1271b02bace2ffc64",
                "sha256:9309c10f9e648521cfe03b62f4658dad2314f81886062cb30e0ad31b337e14b0",
                "sha256:9f524e60fa6113b50c48fbd869b2aef19833f3fe278097b1e7403e8f4dd5392c",
                "sha256:a10f59ad65b34e183853e1387b68901f473a2041f7398fac87c4e445ab149830",
                "sha256:abc2b2df469b4efb01d9dba4b804cbf0312f109ed74752dc3a37394a77d55b1f",
                "sha256:c09c17009a2dd2a6317a14d3cea9b2300fdb2206cf9bc4bae0870d1919897935",
                "sha256:c30c162e1430fd5a02207f1bd478e170c61d89fcca11ac6d8babb73cb33a86a8",
                "sha256:f00ceceef75a2140fda737bd30847ac69b7d92fbd32b6ea7b387017e72176bd8"
            ],
            "version": "==4.19.12"
        },
        "python-mimeparse": {
            "hashes": [
                "sha256:76e4b03d700a641fd7761d3cd4fdbbdcd787eade1ebfac43f877016328334f78",
                "sha256:a295f03ff20341491bfe4717a39cd0a8cc9afad619ba44b77e86b0ab8a2b8282"
            ],
            "version": "==1.6.0"
        },
        "python-rtmidi": {
            "hashes": [
                "sha256:1187b2a3703d4ede2b02c0fccd395648a3a468d3cd57d7932f445ef1bfa9fc5d",
                "sha256:5e1bb542ceebfd44290ecafa6367ade1a712cc9a73b61e843b2fa802105a2759",
                "sha256:659fb40e69cbc57cc7d970cd7bcd85e97ee2eb18992e147ed7bb690a83a7bd3f",
                "sha256:7c82bed1b0cb5e11495bc3a779500c3d5cde6d84f68416f276622b0952174d25",
                "sha256:80c6d31508ec8435b4dc1d4a979aa6046edb83413a837b790f33f65f176ad018",
                "sha256:8685ffc012e007f10ddb9ed04a3cf1648d26a8ef95bd261bfeca0b90d11c971f",
                "sha256:887fd11551f77b27d566235916723b065c30d1e3959c9d665131a7919c012df2",
                "sha256:9d0fddaf38c4408e6f8466d6579ce3cf7b1da9a878f26454bc62fdf66228ea65",
                "sha256:c0f54d1e6dd1c04958130611d0fe6a821194175847d9f696824d011dffce2092",
                "sha256:d82eb82e0b270f75375e3d5f9f45cb75950485700e6a3862192d0c121c802b0e",
                "sha256:dfba865b1e7c7793c7d222b1922ac5f901f5545af71bf70e06d88a77482aa20c"
            ],
            "index": "pypi",
            "version": "==1.1.0"
        },
        "requests": {
            "hashes": [
                "sha256:63b52e3c866428a224f97cab011de738c36aec0185aa91cfacd418b5d58911d1",
                "sha256:ec22d826a36ed72a7358ff3fe56cbd4ba69dd7a6718ffd450ff0e9df7a47ce6a"
            ],
            "index": "pypi",
            "version": "==2.19.1"
        },
        "six": {
            "hashes": [
                "sha256:70e8a77beed4562e7f14fe23a786b54f6296e34344c23bc42f07b15018ff98e9",
                "sha256:832dc0e10feb1aa2c68dcc57dbb658f1c7e65b9b61af69048abc87a2db00a0eb"
            ],
            "version": "==1.11.0"
        },
        "sortedcontainers": {
            "hashes": [
                "sha256:607294c6e291a270948420f7ffa1fb3ed47384a4c08db6d1e9c92d08a6981982",
                "sha256:ef38b128302ee8f65d81e31c9d8fbf10d81df4d6d06c9c0b66f01d33747525bb"
            ],
            "index": "pypi",
            "version": "==2.0.4"
        },
        "urllib3": {
            "hashes": [
                "sha256:a68ac5e15e76e7e5dd2b8f94007233e01effe3e50e8daddf69acfd81cb686baf",
                "sha256:b5725a0bd4ba422ab0e66e89e030c806576753ea3ee08554382c14e685d117b5"
            ],
            "markers": "python_version != '3.0.*' and python_version != '3.3.*' and python_version >= '2.6' and python_version != '3.2.*' and python_version < '4' and python_version != '3.1.*'",
            "version": "==1.23"
        }
    },
    "develop": {
        "cython": {
            "hashes": [
                "sha256:022592d419fc754509d0e0461eb2958dbaa45fb60d51c8a61778c58994edbe36",
                "sha256:13c73e2ffa93a615851e03fad97591954d143b5b62361b9adef81f46a31cd8ef",
                "sha256:13eab5a2835a84ff62db343035603044c908d2b3b6eec09d67fdf9970acf7ac9",
                "sha256:183b35a48f58862c4ec1e821f07bb7b1156c8c8559c85c32ae086f28947474eb",
                "sha256:2f526b0887128bf20ab2acc905a975f62b5a04ab2f63ecbe5a30fc28285d0e0c",
                "sha256:32de8637f5e6c5a76667bc7c8fc644bd9314dc19af36db8ce30a0b92ada0f642",
                "sha256:4172c183ef4fb2ace6a29cdf7fc9200c5a471a7f775ff691975b774bd9ed3ad2",
                "sha256:553956ec06ecbd731ef0c538eb28a5b46bedea7ab89b18237ff28b4b99d65eee",
                "sha256:660eeb6870687fd3eda91e00ba4e72220545c254c8c4d967fd0c910f4fbb8cbc",
                "sha256:693a8619ef066ece055ed065a15cf440f9d3ebd1bca60e87ea19144833756433",
                "sha256:827d3a91b7a7c31ce69e5974496fd9a8ba28eb498b988affb66d0d30de11d934",
                "sha256:9ec27681c5b1b457aacb1cbda5db04aa28b76da2af6e1e1fd15f233eafe6a0b0",
                "sha256:ae4784f040a3313c8bd00c8d04934b7ade63dc59692d8f00a5235be8ed72a445",
                "sha256:b64575241f64f6ec005a4d4137339fb0ba5e156e826db2fdb5f458060d9979e0",
                "sha256:cdbb917e41220bd3812234dbe59d15391adbc2c5d91ae11a5273aab9e32ba7ec",
                "sha256:ea5c16c48e561f4a6f6b8c24807494b77a79e156b8133521c400f22ca712101b",
                "sha256:ef86de9299e4ab2ebb129fb84b886bf40b9aced9807c6d6d5f28b46fb905f82c",
                "sha256:f3e4860f5458a9875caa3de65e255720c0ed2ce71f0bcdab02497b32104f9db8"
            ],
            "index": "pypi",
            "markers": "python_version != '3.2.*' and python_version != '3.1.*' and python_version != '3.0.*' and python_version >= '2.6'",
            "version": "==0.28.5"
        },
        "graphviz": {
            "hashes": [
                "sha256:4958a19cbd8461757a08db308a4a15c3d586660417e1e364f0107d2fe481689f",
                "sha256:7caa53f0b0be42c5f2eaa3f3d71dcc863b15bacceb5d531c2ad7519e1980ff82"
            ],
            "markers": "python_version != '3.3.*' and python_version != '3.0.*' and python_version != '3.2.*' and python_version != '3.1.*' and python_version >= '2.7'",
            "version": "==0.8.4"
        },
        "objgraph": {
            "hashes": [
                "sha256:4a0c2c6268e10a9e8176ae054ff3faac9a432087801e1f95c3ebbe52550295a0",
                "sha256:901dac7a4d73dd6c0e9697cf32676687f4e51d21b343543f795ec10461eb200e"
            ],
            "index": "pypi",
            "version": "==3.4.0"
        },
        "pycallgraph": {
            "hashes": [
                "sha256:b1262b0f9831da889c6e9a9a82a22267df497013cd2f5b36c39359a607c91e71"
            ],
            "index": "pypi",
            "version": "==1.0.1"
        }
    }
}
